// !$*UTF8*$!
{
	archiveVersion = 1;
	classes = {
	};
	objectVersion = 56;
	objects = {

/* Begin PBXBuildFile section */
		39B2BA7C636CBD85238180B8 /* Pods_SwiftUICoordinatorTestApp.framework in Frameworks */ = {isa = PBXBuildFile; fileRef = 31B04E783A538DDD4D61523D /* Pods_SwiftUICoordinatorTestApp.framework */; };
		77550A1B2A3D0D5A00D65EC1 /* SwiftUICoordinatorTestAppApp.swift in Sources */ = {isa = PBXBuildFile; fileRef = 77550A1A2A3D0D5A00D65EC1 /* SwiftUICoordinatorTestAppApp.swift */; };
		77550A1F2A3D0D5B00D65EC1 /* Assets.xcassets in Resources */ = {isa = PBXBuildFile; fileRef = 77550A1E2A3D0D5B00D65EC1 /* Assets.xcassets */; };
		77550A222A3D0D5B00D65EC1 /* Preview Assets.xcassets in Resources */ = {isa = PBXBuildFile; fileRef = 77550A212A3D0D5B00D65EC1 /* Preview Assets.xcassets */; };
		77550A2A2A3DFE0000D65EC1 /* TabCoordinator.swift in Sources */ = {isa = PBXBuildFile; fileRef = 77550A292A3DFE0000D65EC1 /* TabCoordinator.swift */; };
		77550A2C2A3DFE1000D65EC1 /* TabCoordinatorView.swift in Sources */ = {isa = PBXBuildFile; fileRef = 77550A2B2A3DFE1000D65EC1 /* TabCoordinatorView.swift */; };
		77550A322A3E096100D65EC1 /* ImageListCoordinatorView.swift in Sources */ = {isa = PBXBuildFile; fileRef = 77550A312A3E096100D65EC1 /* ImageListCoordinatorView.swift */; };
		77550A342A3E098800D65EC1 /* ImageListCoordinator.swift in Sources */ = {isa = PBXBuildFile; fileRef = 77550A332A3E098800D65EC1 /* ImageListCoordinator.swift */; };
		77550A382A3E0D5000D65EC1 /* VideoListCoordinator.swift in Sources */ = {isa = PBXBuildFile; fileRef = 77550A372A3E0D5000D65EC1 /* VideoListCoordinator.swift */; };
		77550A3A2A3E0D5C00D65EC1 /* VideoListCoordinatorView.swift in Sources */ = {isa = PBXBuildFile; fileRef = 77550A392A3E0D5C00D65EC1 /* VideoListCoordinatorView.swift */; };
		77550A3E2A3E0F2500D65EC1 /* Private.plist in Resources */ = {isa = PBXBuildFile; fileRef = 77550A3D2A3E0F2500D65EC1 /* Private.plist */; };
		77550A402A3E3F8F00D65EC1 /* URL.plist in Resources */ = {isa = PBXBuildFile; fileRef = 77550A3F2A3E3F8F00D65EC1 /* URL.plist */; };
		77A5828E2A3E64A9004064CA /* ImageService.swift in Sources */ = {isa = PBXBuildFile; fileRef = 77A5828D2A3E64A9004064CA /* ImageService.swift */; };
		77A582912A3F3C0B004064CA /* ImageListView.swift in Sources */ = {isa = PBXBuildFile; fileRef = 77A582902A3F3C0B004064CA /* ImageListView.swift */; };
		77A582932A3F3C4F004064CA /* ImageListViewModel.swift in Sources */ = {isa = PBXBuildFile; fileRef = 77A582922A3F3C4F004064CA /* ImageListViewModel.swift */; };
		77A582962A40869C004064CA /* ImageListProvider.swift in Sources */ = {isa = PBXBuildFile; fileRef = 77A582952A40869C004064CA /* ImageListProvider.swift */; };
		77A582982A40A2B3004064CA /* NetworkAgent.swift in Sources */ = {isa = PBXBuildFile; fileRef = 77A582972A40A2B3004064CA /* NetworkAgent.swift */; };
		77A5829B2A424C21004064CA /* Swinject.swift in Sources */ = {isa = PBXBuildFile; fileRef = 77A5829A2A424C21004064CA /* Swinject.swift */; };
		77A5829E2A43399E004064CA /* PlistLoader.swift in Sources */ = {isa = PBXBuildFile; fileRef = 77A5829D2A43399E004064CA /* PlistLoader.swift */; };
/* End PBXBuildFile section */

/* Begin PBXFileReference section */
		31B04E783A538DDD4D61523D /* Pods_SwiftUICoordinatorTestApp.framework */ = {isa = PBXFileReference; explicitFileType = wrapper.framework; includeInIndex = 0; path = Pods_SwiftUICoordinatorTestApp.framework; sourceTree = BUILT_PRODUCTS_DIR; };
		77550A172A3D0D5A00D65EC1 /* SwiftUICoordinatorTestApp.app */ = {isa = PBXFileReference; explicitFileType = wrapper.application; includeInIndex = 0; path = SwiftUICoordinatorTestApp.app; sourceTree = BUILT_PRODUCTS_DIR; };
		77550A1A2A3D0D5A00D65EC1 /* SwiftUICoordinatorTestAppApp.swift */ = {isa = PBXFileReference; lastKnownFileType = sourcecode.swift; path = SwiftUICoordinatorTestAppApp.swift; sourceTree = "<group>"; };
		77550A1E2A3D0D5B00D65EC1 /* Assets.xcassets */ = {isa = PBXFileReference; lastKnownFileType = folder.assetcatalog; path = Assets.xcassets; sourceTree = "<group>"; };
		77550A212A3D0D5B00D65EC1 /* Preview Assets.xcassets */ = {isa = PBXFileReference; lastKnownFileType = folder.assetcatalog; path = "Preview Assets.xcassets"; sourceTree = "<group>"; };
		77550A292A3DFE0000D65EC1 /* TabCoordinator.swift */ = {isa = PBXFileReference; lastKnownFileType = sourcecode.swift; path = TabCoordinator.swift; sourceTree = "<group>"; };
		77550A2B2A3DFE1000D65EC1 /* TabCoordinatorView.swift */ = {isa = PBXFileReference; lastKnownFileType = sourcecode.swift; path = TabCoordinatorView.swift; sourceTree = "<group>"; };
		77550A312A3E096100D65EC1 /* ImageListCoordinatorView.swift */ = {isa = PBXFileReference; lastKnownFileType = sourcecode.swift; path = ImageListCoordinatorView.swift; sourceTree = "<group>"; };
		77550A332A3E098800D65EC1 /* ImageListCoordinator.swift */ = {isa = PBXFileReference; lastKnownFileType = sourcecode.swift; path = ImageListCoordinator.swift; sourceTree = "<group>"; };
		77550A372A3E0D5000D65EC1 /* VideoListCoordinator.swift */ = {isa = PBXFileReference; lastKnownFileType = sourcecode.swift; path = VideoListCoordinator.swift; sourceTree = "<group>"; };
		77550A392A3E0D5C00D65EC1 /* VideoListCoordinatorView.swift */ = {isa = PBXFileReference; lastKnownFileType = sourcecode.swift; path = VideoListCoordinatorView.swift; sourceTree = "<group>"; };
		77550A3D2A3E0F2500D65EC1 /* Private.plist */ = {isa = PBXFileReference; lastKnownFileType = text.plist.xml; path = Private.plist; sourceTree = "<group>"; };
		77550A3F2A3E3F8F00D65EC1 /* URL.plist */ = {isa = PBXFileReference; lastKnownFileType = text.plist.xml; path = URL.plist; sourceTree = "<group>"; };
		77A5828D2A3E64A9004064CA /* ImageService.swift */ = {isa = PBXFileReference; lastKnownFileType = sourcecode.swift; path = ImageService.swift; sourceTree = "<group>"; };
		77A582902A3F3C0B004064CA /* ImageListView.swift */ = {isa = PBXFileReference; lastKnownFileType = sourcecode.swift; path = ImageListView.swift; sourceTree = "<group>"; };
		77A582922A3F3C4F004064CA /* ImageListViewModel.swift */ = {isa = PBXFileReference; lastKnownFileType = sourcecode.swift; path = ImageListViewModel.swift; sourceTree = "<group>"; };
		77A582952A40869C004064CA /* ImageListProvider.swift */ = {isa = PBXFileReference; lastKnownFileType = sourcecode.swift; path = ImageListProvider.swift; sourceTree = "<group>"; };
		77A582972A40A2B3004064CA /* NetworkAgent.swift */ = {isa = PBXFileReference; lastKnownFileType = sourcecode.swift; path = NetworkAgent.swift; sourceTree = "<group>"; };
		77A5829A2A424C21004064CA /* Swinject.swift */ = {isa = PBXFileReference; lastKnownFileType = sourcecode.swift; path = Swinject.swift; sourceTree = "<group>"; };
		77A5829D2A43399E004064CA /* PlistLoader.swift */ = {isa = PBXFileReference; lastKnownFileType = sourcecode.swift; path = PlistLoader.swift; sourceTree = "<group>"; };
		895A1F0A367FD331E14247EE /* Pods-SwiftUICoordinatorTestApp.release.xcconfig */ = {isa = PBXFileReference; includeInIndex = 1; lastKnownFileType = text.xcconfig; name = "Pods-SwiftUICoordinatorTestApp.release.xcconfig"; path = "Target Support Files/Pods-SwiftUICoordinatorTestApp/Pods-SwiftUICoordinatorTestApp.release.xcconfig"; sourceTree = "<group>"; };
		CB99BC6FA21365773D537C6C /* Pods-SwiftUICoordinatorTestApp.debug.xcconfig */ = {isa = PBXFileReference; includeInIndex = 1; lastKnownFileType = text.xcconfig; name = "Pods-SwiftUICoordinatorTestApp.debug.xcconfig"; path = "Target Support Files/Pods-SwiftUICoordinatorTestApp/Pods-SwiftUICoordinatorTestApp.debug.xcconfig"; sourceTree = "<group>"; };
/* End PBXFileReference section */

/* Begin PBXFrameworksBuildPhase section */
		77550A142A3D0D5A00D65EC1 /* Frameworks */ = {
			isa = PBXFrameworksBuildPhase;
			buildActionMask = 2147483647;
			files = (
				39B2BA7C636CBD85238180B8 /* Pods_SwiftUICoordinatorTestApp.framework in Frameworks */,
			);
			runOnlyForDeploymentPostprocessing = 0;
		};
/* End PBXFrameworksBuildPhase section */

/* Begin PBXGroup section */
		08F853B9587C02CD33B34147 /* Pods */ = {
			isa = PBXGroup;
			children = (
				CB99BC6FA21365773D537C6C /* Pods-SwiftUICoordinatorTestApp.debug.xcconfig */,
				895A1F0A367FD331E14247EE /* Pods-SwiftUICoordinatorTestApp.release.xcconfig */,
			);
			path = Pods;
			sourceTree = "<group>";
		};
		53D9778E50781CDA382CB540 /* Frameworks */ = {
			isa = PBXGroup;
			children = (
				31B04E783A538DDD4D61523D /* Pods_SwiftUICoordinatorTestApp.framework */,
			);
			name = Frameworks;
			sourceTree = "<group>";
		};
		77550A0E2A3D0D5A00D65EC1 = {
			isa = PBXGroup;
			children = (
				77550A192A3D0D5A00D65EC1 /* SwiftUICoordinatorTestApp */,
				77550A182A3D0D5A00D65EC1 /* Products */,
				08F853B9587C02CD33B34147 /* Pods */,
				53D9778E50781CDA382CB540 /* Frameworks */,
			);
			sourceTree = "<group>";
		};
		77550A182A3D0D5A00D65EC1 /* Products */ = {
			isa = PBXGroup;
			children = (
				77550A172A3D0D5A00D65EC1 /* SwiftUICoordinatorTestApp.app */,
			);
			name = Products;
			sourceTree = "<group>";
		};
		77550A192A3D0D5A00D65EC1 /* SwiftUICoordinatorTestApp */ = {
			isa = PBXGroup;
			children = (
				77A5829C2A433994004064CA /* Utils */,
				77A582992A424C17004064CA /* Extensions */,
				77550A3C2A3E0F0200D65EC1 /* Network */,
				77550A3B2A3E0EF400D65EC1 /* Modules */,
				77550A1A2A3D0D5A00D65EC1 /* SwiftUICoordinatorTestAppApp.swift */,
				77550A1E2A3D0D5B00D65EC1 /* Assets.xcassets */,
				77550A202A3D0D5B00D65EC1 /* Preview Content */,
			);
			path = SwiftUICoordinatorTestApp;
			sourceTree = "<group>";
		};
		77550A202A3D0D5B00D65EC1 /* Preview Content */ = {
			isa = PBXGroup;
			children = (
				77550A212A3D0D5B00D65EC1 /* Preview Assets.xcassets */,
			);
			path = "Preview Content";
			sourceTree = "<group>";
		};
		77550A282A3DFDCA00D65EC1 /* TabCoordinator */ = {
			isa = PBXGroup;
			children = (
				77550A292A3DFE0000D65EC1 /* TabCoordinator.swift */,
				77550A2B2A3DFE1000D65EC1 /* TabCoordinatorView.swift */,
			);
			path = TabCoordinator;
			sourceTree = "<group>";
		};
		77550A2F2A3E08F100D65EC1 /* ImagesTab */ = {
			isa = PBXGroup;
			children = (
				77A5828F2A3F3BF8004064CA /* ImageListView */,
				77550A302A3E092900D65EC1 /* ImageListCoordinator */,
			);
			path = ImagesTab;
			sourceTree = "<group>";
		};
		77550A302A3E092900D65EC1 /* ImageListCoordinator */ = {
			isa = PBXGroup;
			children = (
				77550A312A3E096100D65EC1 /* ImageListCoordinatorView.swift */,
				77550A332A3E098800D65EC1 /* ImageListCoordinator.swift */,
			);
			path = ImageListCoordinator;
			sourceTree = "<group>";
		};
		77550A352A3E0D2C00D65EC1 /* VideosTab */ = {
			isa = PBXGroup;
			children = (
				77550A362A3E0D3800D65EC1 /* VideoListCoordinator */,
			);
			path = VideosTab;
			sourceTree = "<group>";
		};
		77550A362A3E0D3800D65EC1 /* VideoListCoordinator */ = {
			isa = PBXGroup;
			children = (
				77550A372A3E0D5000D65EC1 /* VideoListCoordinator.swift */,
				77550A392A3E0D5C00D65EC1 /* VideoListCoordinatorView.swift */,
			);
			path = VideoListCoordinator;
			sourceTree = "<group>";
		};
		77550A3B2A3E0EF400D65EC1 /* Modules */ = {
			isa = PBXGroup;
			children = (
				77550A282A3DFDCA00D65EC1 /* TabCoordinator */,
				77550A2F2A3E08F100D65EC1 /* ImagesTab */,
				77550A352A3E0D2C00D65EC1 /* VideosTab */,
			);
			path = Modules;
			sourceTree = "<group>";
		};
		77550A3C2A3E0F0200D65EC1 /* Network */ = {
			isa = PBXGroup;
			children = (
				77550A3D2A3E0F2500D65EC1 /* Private.plist */,
				77550A3F2A3E3F8F00D65EC1 /* URL.plist */,
				77A582972A40A2B3004064CA /* NetworkAgent.swift */,
			);
			path = Network;
			sourceTree = "<group>";
		};
		77A5828C2A3E6498004064CA /* ImageService */ = {
			isa = PBXGroup;
			children = (
				77A5828D2A3E64A9004064CA /* ImageService.swift */,
			);
			path = ImageService;
			sourceTree = "<group>";
		};
		77A5828F2A3F3BF8004064CA /* ImageListView */ = {
			isa = PBXGroup;
			children = (
				77A582942A408690004064CA /* ImageListProvider */,
				77A5828C2A3E6498004064CA /* ImageService */,
				77A582902A3F3C0B004064CA /* ImageListView.swift */,
				77A582922A3F3C4F004064CA /* ImageListViewModel.swift */,
			);
			path = ImageListView;
			sourceTree = "<group>";
		};
		77A582942A408690004064CA /* ImageListProvider */ = {
			isa = PBXGroup;
			children = (
				77A582952A40869C004064CA /* ImageListProvider.swift */,
			);
			path = ImageListProvider;
			sourceTree = "<group>";
		};
		77A582992A424C17004064CA /* Extensions */ = {
			isa = PBXGroup;
			children = (
				77A5829A2A424C21004064CA /* Swinject.swift */,
			);
			path = Extensions;
			sourceTree = "<group>";
		};
		77A5829C2A433994004064CA /* Utils */ = {
			isa = PBXGroup;
			children = (
				77A5829D2A43399E004064CA /* PlistLoader.swift */,
			);
			path = Utils;
			sourceTree = "<group>";
		};
/* End PBXGroup section */

/* Begin PBXNativeTarget section */
		77550A162A3D0D5A00D65EC1 /* SwiftUICoordinatorTestApp */ = {
			isa = PBXNativeTarget;
			buildConfigurationList = 77550A252A3D0D5B00D65EC1 /* Build configuration list for PBXNativeTarget "SwiftUICoordinatorTestApp" */;
			buildPhases = (
				53666E76BB137C69D2718EB5 /* [CP] Check Pods Manifest.lock */,
				77550A132A3D0D5A00D65EC1 /* Sources */,
				77550A142A3D0D5A00D65EC1 /* Frameworks */,
				77550A152A3D0D5A00D65EC1 /* Resources */,
				F44EE6D54443F003D1802484 /* [CP] Embed Pods Frameworks */,
			);
			buildRules = (
			);
			dependencies = (
			);
			name = SwiftUICoordinatorTestApp;
			productName = SwiftUICoordinatorTestApp;
			productReference = 77550A172A3D0D5A00D65EC1 /* SwiftUICoordinatorTestApp.app */;
			productType = "com.apple.product-type.application";
		};
/* End PBXNativeTarget section */

/* Begin PBXProject section */
		77550A0F2A3D0D5A00D65EC1 /* Project object */ = {
			isa = PBXProject;
			attributes = {
				BuildIndependentTargetsInParallel = 1;
				LastSwiftUpdateCheck = 1430;
				LastUpgradeCheck = 1430;
				TargetAttributes = {
					77550A162A3D0D5A00D65EC1 = {
						CreatedOnToolsVersion = 14.3.1;
					};
				};
			};
			buildConfigurationList = 77550A122A3D0D5A00D65EC1 /* Build configuration list for PBXProject "SwiftUICoordinatorTestApp" */;
			compatibilityVersion = "Xcode 14.0";
			developmentRegion = en;
			hasScannedForEncodings = 0;
			knownRegions = (
				en,
				Base,
			);
			mainGroup = 77550A0E2A3D0D5A00D65EC1;
			productRefGroup = 77550A182A3D0D5A00D65EC1 /* Products */;
			projectDirPath = "";
			projectRoot = "";
			targets = (
				77550A162A3D0D5A00D65EC1 /* SwiftUICoordinatorTestApp */,
			);
		};
/* End PBXProject section */

/* Begin PBXResourcesBuildPhase section */
		77550A152A3D0D5A00D65EC1 /* Resources */ = {
			isa = PBXResourcesBuildPhase;
			buildActionMask = 2147483647;
			files = (
				77550A222A3D0D5B00D65EC1 /* Preview Assets.xcassets in Resources */,
				77550A1F2A3D0D5B00D65EC1 /* Assets.xcassets in Resources */,
				77550A402A3E3F8F00D65EC1 /* URL.plist in Resources */,
				77550A3E2A3E0F2500D65EC1 /* Private.plist in Resources */,
			);
			runOnlyForDeploymentPostprocessing = 0;
		};
/* End PBXResourcesBuildPhase section */

/* Begin PBXShellScriptBuildPhase section */
		53666E76BB137C69D2718EB5 /* [CP] Check Pods Manifest.lock */ = {
			isa = PBXShellScriptBuildPhase;
			buildActionMask = 2147483647;
			files = (
			);
			inputFileListPaths = (
			);
			inputPaths = (
				"${PODS_PODFILE_DIR_PATH}/Podfile.lock",
				"${PODS_ROOT}/Manifest.lock",
			);
			name = "[CP] Check Pods Manifest.lock";
			outputFileListPaths = (
			);
			outputPaths = (
				"$(DERIVED_FILE_DIR)/Pods-SwiftUICoordinatorTestApp-checkManifestLockResult.txt",
			);
			runOnlyForDeploymentPostprocessing = 0;
			shellPath = /bin/sh;
			shellScript = "diff \"${PODS_PODFILE_DIR_PATH}/Podfile.lock\" \"${PODS_ROOT}/Manifest.lock\" > /dev/null\nif [ $? != 0 ] ; then\n    # print error to STDERR\n    echo \"error: The sandbox is not in sync with the Podfile.lock. Run 'pod install' or update your CocoaPods installation.\" >&2\n    exit 1\nfi\n# This output is used by Xcode 'outputs' to avoid re-running this script phase.\necho \"SUCCESS\" > \"${SCRIPT_OUTPUT_FILE_0}\"\n";
			showEnvVarsInLog = 0;
		};
		F44EE6D54443F003D1802484 /* [CP] Embed Pods Frameworks */ = {
			isa = PBXShellScriptBuildPhase;
			buildActionMask = 2147483647;
			files = (
			);
			inputFileListPaths = (
				"${PODS_ROOT}/Target Support Files/Pods-SwiftUICoordinatorTestApp/Pods-SwiftUICoordinatorTestApp-frameworks-${CONFIGURATION}-input-files.xcfilelist",
			);
			name = "[CP] Embed Pods Frameworks";
			outputFileListPaths = (
				"${PODS_ROOT}/Target Support Files/Pods-SwiftUICoordinatorTestApp/Pods-SwiftUICoordinatorTestApp-frameworks-${CONFIGURATION}-output-files.xcfilelist",
			);
			runOnlyForDeploymentPostprocessing = 0;
			shellPath = /bin/sh;
			shellScript = "\"${PODS_ROOT}/Target Support Files/Pods-SwiftUICoordinatorTestApp/Pods-SwiftUICoordinatorTestApp-frameworks.sh\"\n";
			showEnvVarsInLog = 0;
		};
/* End PBXShellScriptBuildPhase section */

/* Begin PBXSourcesBuildPhase section */
		77550A132A3D0D5A00D65EC1 /* Sources */ = {
			isa = PBXSourcesBuildPhase;
			buildActionMask = 2147483647;
			files = (
				77550A382A3E0D5000D65EC1 /* VideoListCoordinator.swift in Sources */,
				77A5829B2A424C21004064CA /* Swinject.swift in Sources */,
				77A582962A40869C004064CA /* ImageListProvider.swift in Sources */,
				77A5828E2A3E64A9004064CA /* ImageService.swift in Sources */,
				77550A342A3E098800D65EC1 /* ImageListCoordinator.swift in Sources */,
				77550A2C2A3DFE1000D65EC1 /* TabCoordinatorView.swift in Sources */,
				77A582912A3F3C0B004064CA /* ImageListView.swift in Sources */,
				77A582932A3F3C4F004064CA /* ImageListViewModel.swift in Sources */,
				77550A2A2A3DFE0000D65EC1 /* TabCoordinator.swift in Sources */,
				77550A1B2A3D0D5A00D65EC1 /* SwiftUICoordinatorTestAppApp.swift in Sources */,
				77550A3A2A3E0D5C00D65EC1 /* VideoListCoordinatorView.swift in Sources */,
				77550A322A3E096100D65EC1 /* ImageListCoordinatorView.swift in Sources */,
				77A582982A40A2B3004064CA /* NetworkAgent.swift in Sources */,
				77A5829E2A43399E004064CA /* PlistLoader.swift in Sources */,
			);
			runOnlyForDeploymentPostprocessing = 0;
		};
/* End PBXSourcesBuildPhase section */

/* Begin XCBuildConfiguration section */
		77550A232A3D0D5B00D65EC1 /* Debug */ = {
			isa = XCBuildConfiguration;
			buildSettings = {
				ALWAYS_SEARCH_USER_PATHS = NO;
				CLANG_ANALYZER_NONNULL = YES;
				CLANG_ANALYZER_NUMBER_OBJECT_CONVERSION = YES_AGGRESSIVE;
				CLANG_CXX_LANGUAGE_STANDARD = "gnu++20";
				CLANG_ENABLE_MODULES = YES;
				CLANG_ENABLE_OBJC_ARC = YES;
				CLANG_ENABLE_OBJC_WEAK = YES;
				CLANG_WARN_BLOCK_CAPTURE_AUTORELEASING = YES;
				CLANG_WARN_BOOL_CONVERSION = YES;
				CLANG_WARN_COMMA = YES;
				CLANG_WARN_CONSTANT_CONVERSION = YES;
				CLANG_WARN_DEPRECATED_OBJC_IMPLEMENTATIONS = YES;
				CLANG_WARN_DIRECT_OBJC_ISA_USAGE = YES_ERROR;
				CLANG_WARN_DOCUMENTATION_COMMENTS = YES;
				CLANG_WARN_EMPTY_BODY = YES;
				CLANG_WARN_ENUM_CONVERSION = YES;
				CLANG_WARN_INFINITE_RECURSION = YES;
				CLANG_WARN_INT_CONVERSION = YES;
				CLANG_WARN_NON_LITERAL_NULL_CONVERSION = YES;
				CLANG_WARN_OBJC_IMPLICIT_RETAIN_SELF = YES;
				CLANG_WARN_OBJC_LITERAL_CONVERSION = YES;
				CLANG_WARN_OBJC_ROOT_CLASS = YES_ERROR;
				CLANG_WARN_QUOTED_INCLUDE_IN_FRAMEWORK_HEADER = YES;
				CLANG_WARN_RANGE_LOOP_ANALYSIS = YES;
				CLANG_WARN_STRICT_PROTOTYPES = YES;
				CLANG_WARN_SUSPICIOUS_MOVE = YES;
				CLANG_WARN_UNGUARDED_AVAILABILITY = YES_AGGRESSIVE;
				CLANG_WARN_UNREACHABLE_CODE = YES;
				CLANG_WARN__DUPLICATE_METHOD_MATCH = YES;
				COPY_PHASE_STRIP = NO;
				DEBUG_INFORMATION_FORMAT = dwarf;
				ENABLE_STRICT_OBJC_MSGSEND = YES;
				ENABLE_TESTABILITY = YES;
				GCC_C_LANGUAGE_STANDARD = gnu11;
				GCC_DYNAMIC_NO_PIC = NO;
				GCC_NO_COMMON_BLOCKS = YES;
				GCC_OPTIMIZATION_LEVEL = 0;
				GCC_PREPROCESSOR_DEFINITIONS = (
					"DEBUG=1",
					"$(inherited)",
				);
				GCC_WARN_64_TO_32_BIT_CONVERSION = YES;
				GCC_WARN_ABOUT_RETURN_TYPE = YES_ERROR;
				GCC_WARN_UNDECLARED_SELECTOR = YES;
				GCC_WARN_UNINITIALIZED_AUTOS = YES_AGGRESSIVE;
				GCC_WARN_UNUSED_FUNCTION = YES;
				GCC_WARN_UNUSED_VARIABLE = YES;
				IPHONEOS_DEPLOYMENT_TARGET = 16.4;
				MTL_ENABLE_DEBUG_INFO = INCLUDE_SOURCE;
				MTL_FAST_MATH = YES;
				ONLY_ACTIVE_ARCH = YES;
				SDKROOT = iphoneos;
				SWIFT_ACTIVE_COMPILATION_CONDITIONS = DEBUG;
				SWIFT_OPTIMIZATION_LEVEL = "-Onone";
			};
			name = Debug;
		};
		77550A242A3D0D5B00D65EC1 /* Release */ = {
			isa = XCBuildConfiguration;
			buildSettings = {
				ALWAYS_SEARCH_USER_PATHS = NO;
				CLANG_ANALYZER_NONNULL = YES;
				CLANG_ANALYZER_NUMBER_OBJECT_CONVERSION = YES_AGGRESSIVE;
				CLANG_CXX_LANGUAGE_STANDARD = "gnu++20";
				CLANG_ENABLE_MODULES = YES;
				CLANG_ENABLE_OBJC_ARC = YES;
				CLANG_ENABLE_OBJC_WEAK = YES;
				CLANG_WARN_BLOCK_CAPTURE_AUTORELEASING = YES;
				CLANG_WARN_BOOL_CONVERSION = YES;
				CLANG_WARN_COMMA = YES;
				CLANG_WARN_CONSTANT_CONVERSION = YES;
				CLANG_WARN_DEPRECATED_OBJC_IMPLEMENTATIONS = YES;
				CLANG_WARN_DIRECT_OBJC_ISA_USAGE = YES_ERROR;
				CLANG_WARN_DOCUMENTATION_COMMENTS = YES;
				CLANG_WARN_EMPTY_BODY = YES;
				CLANG_WARN_ENUM_CONVERSION = YES;
				CLANG_WARN_INFINITE_RECURSION = YES;
				CLANG_WARN_INT_CONVERSION = YES;
				CLANG_WARN_NON_LITERAL_NULL_CONVERSION = YES;
				CLANG_WARN_OBJC_IMPLICIT_RETAIN_SELF = YES;
				CLANG_WARN_OBJC_LITERAL_CONVERSION = YES;
				CLANG_WARN_OBJC_ROOT_CLASS = YES_ERROR;
				CLANG_WARN_QUOTED_INCLUDE_IN_FRAMEWORK_HEADER = YES;
				CLANG_WARN_RANGE_LOOP_ANALYSIS = YES;
				CLANG_WARN_STRICT_PROTOTYPES = YES;
				CLANG_WARN_SUSPICIOUS_MOVE = YES;
				CLANG_WARN_UNGUARDED_AVAILABILITY = YES_AGGRESSIVE;
				CLANG_WARN_UNREACHABLE_CODE = YES;
				CLANG_WARN__DUPLICATE_METHOD_MATCH = YES;
				COPY_PHASE_STRIP = NO;
				DEBUG_INFORMATION_FORMAT = "dwarf-with-dsym";
				ENABLE_NS_ASSERTIONS = NO;
				ENABLE_STRICT_OBJC_MSGSEND = YES;
				GCC_C_LANGUAGE_STANDARD = gnu11;
				GCC_NO_COMMON_BLOCKS = YES;
				GCC_WARN_64_TO_32_BIT_CONVERSION = YES;
				GCC_WARN_ABOUT_RETURN_TYPE = YES_ERROR;
				GCC_WARN_UNDECLARED_SELECTOR = YES;
				GCC_WARN_UNINITIALIZED_AUTOS = YES_AGGRESSIVE;
				GCC_WARN_UNUSED_FUNCTION = YES;
				GCC_WARN_UNUSED_VARIABLE = YES;
				IPHONEOS_DEPLOYMENT_TARGET = 16.4;
				MTL_ENABLE_DEBUG_INFO = NO;
				MTL_FAST_MATH = YES;
				SDKROOT = iphoneos;
				SWIFT_COMPILATION_MODE = wholemodule;
				SWIFT_OPTIMIZATION_LEVEL = "-O";
				VALIDATE_PRODUCT = YES;
			};
			name = Release;
		};
		77550A262A3D0D5B00D65EC1 /* Debug */ = {
			isa = XCBuildConfiguration;
			baseConfigurationReference = CB99BC6FA21365773D537C6C /* Pods-SwiftUICoordinatorTestApp.debug.xcconfig */;
			buildSettings = {
				ASSETCATALOG_COMPILER_APPICON_NAME = AppIcon;
				ASSETCATALOG_COMPILER_GLOBAL_ACCENT_COLOR_NAME = AccentColor;
				CODE_SIGN_STYLE = Automatic;
				CURRENT_PROJECT_VERSION = 1;
				DEVELOPMENT_ASSET_PATHS = "\"SwiftUICoordinatorTestApp/Preview Content\"";
				DEVELOPMENT_TEAM = 5UH57CWJCK;
				ENABLE_PREVIEWS = YES;
				GENERATE_INFOPLIST_FILE = YES;
				INFOPLIST_KEY_UIApplicationSceneManifest_Generation = YES;
				INFOPLIST_KEY_UIApplicationSupportsIndirectInputEvents = YES;
				INFOPLIST_KEY_UILaunchScreen_Generation = YES;
				INFOPLIST_KEY_UISupportedInterfaceOrientations_iPad = "UIInterfaceOrientationPortrait UIInterfaceOrientationPortraitUpsideDown UIInterfaceOrientationLandscapeLeft UIInterfaceOrientationLandscapeRight";
				INFOPLIST_KEY_UISupportedInterfaceOrientations_iPhone = "UIInterfaceOrientationPortrait UIInterfaceOrientationLandscapeLeft UIInterfaceOrientationLandscapeRight";
				LD_RUNPATH_SEARCH_PATHS = (
					"$(inherited)",
					"@executable_path/Frameworks",
				);
				MARKETING_VERSION = 1.0;
				PRODUCT_BUNDLE_IDENTIFIER = com.alekseyklyonov.SwiftUICoordinatorTestApp;
				PRODUCT_NAME = "$(TARGET_NAME)";
				SWIFT_EMIT_LOC_STRINGS = YES;
				SWIFT_VERSION = 5.0;
				TARGETED_DEVICE_FAMILY = "1,2";
			};
			name = Debug;
		};
		77550A272A3D0D5B00D65EC1 /* Release */ = {
			isa = XCBuildConfiguration;
			baseConfigurationReference = 895A1F0A367FD331E14247EE /* Pods-SwiftUICoordinatorTestApp.release.xcconfig */;
			buildSettings = {
				ASSETCATALOG_COMPILER_APPICON_NAME = AppIcon;
				ASSETCATALOG_COMPILER_GLOBAL_ACCENT_COLOR_NAME = AccentColor;
				CODE_SIGN_STYLE = Automatic;
				CURRENT_PROJECT_VERSION = 1;
				DEVELOPMENT_ASSET_PATHS = "\"SwiftUICoordinatorTestApp/Preview Content\"";
				DEVELOPMENT_TEAM = 5UH57CWJCK;
				ENABLE_PREVIEWS = YES;
				GENERATE_INFOPLIST_FILE = YES;
				INFOPLIST_KEY_UIApplicationSceneManifest_Generation = YES;
				INFOPLIST_KEY_UIApplicationSupportsIndirectInputEvents = YES;
				INFOPLIST_KEY_UILaunchScreen_Generation = YES;
				INFOPLIST_KEY_UISupportedInterfaceOrientations_iPad = "UIInterfaceOrientationPortrait UIInterfaceOrientationPortraitUpsideDown UIInterfaceOrientationLandscapeLeft UIInterfaceOrientationLandscapeRight";
				INFOPLIST_KEY_UISupportedInterfaceOrientations_iPhone = "UIInterfaceOrientationPortrait UIInterfaceOrientationLandscapeLeft UIInterfaceOrientationLandscapeRight";
				LD_RUNPATH_SEARCH_PATHS = (
					"$(inherited)",
					"@executable_path/Frameworks",
				);
				MARKETING_VERSION = 1.0;
				PRODUCT_BUNDLE_IDENTIFIER = com.alekseyklyonov.SwiftUICoordinatorTestApp;
				PRODUCT_NAME = "$(TARGET_NAME)";
				SWIFT_EMIT_LOC_STRINGS = YES;
				SWIFT_VERSION = 5.0;
				TARGETED_DEVICE_FAMILY = "1,2";
			};
			name = Release;
		};
/* End XCBuildConfiguration section */

/* Begin XCConfigurationList section */
		77550A122A3D0D5A00D65EC1 /* Build configuration list for PBXProject "SwiftUICoordinatorTestApp" */ = {
			isa = XCConfigurationList;
			buildConfigurations = (
				77550A232A3D0D5B00D65EC1 /* Debug */,
				77550A242A3D0D5B00D65EC1 /* Release */,
			);
			defaultConfigurationIsVisible = 0;
			defaultConfigurationName = Release;
		};
		77550A252A3D0D5B00D65EC1 /* Build configuration list for PBXNativeTarget "SwiftUICoordinatorTestApp" */ = {
			isa = XCConfigurationList;
			buildConfigurations = (
				77550A262A3D0D5B00D65EC1 /* Debug */,
				77550A272A3D0D5B00D65EC1 /* Release */,
			);
			defaultConfigurationIsVisible = 0;
			defaultConfigurationName = Release;
		};
/* End XCConfigurationList section */
	};
	rootObject = 77550A0F2A3D0D5A00D65EC1 /* Project object */;
}
